
Microsoft Visual Studio Solution File, Format Version 12.00
# Visual Studio Version 16
VisualStudioVersion = 16.0.30711.63
MinimumVisualStudioVersion = 10.0.40219.1
Project("{8BC9CEB8-8B4A-11D0-8D11-00A0C91BC942}") = "Problem15", "Problem15.vcxproj", "{DC28B50E-F191-4F42-83AF-87320212773A}"
EndProject
Global
	GlobalSection(SolutionConfigurationPlatforms) = preSolution
		Debug|x64 = Debug|x64
		Debug|x86 = Debug|x86
		Release|x64 = Release|x64
		Release|x86 = Release|x86
	EndGlobalSection
	GlobalSection(ProjectConfigurationPlatforms) = postSolution
		{DC28B50E-F191-4F42-83AF-87320212773A}.Debug|x64.ActiveCfg = Debug|x64
		{DC28B50E-F191-4F42-83AF-87320212773A}.Debug|x64.Build.0 = Debug|x64
		{DC28B50E-F191-4F42-83AF-87320212773A}.Debug|x86.ActiveCfg = Debug|Win32
		{DC28B50E-F191-4F42-83AF-87320212773A}.Debug|x86.Build.0 = Debug|Win32
		{DC28B50E-F191-4F42-83AF-87320212773A}.Release|x64.ActiveCfg = Release|x64
		{DC28B50E-F191-4F42-83AF-87320212773A}.Release|x64.Build.0 = Release|x64
		{DC28B50E-F191-4F42-83AF-87320212773A}.Release|x86.ActiveCfg = Release|Win32
		{DC28B50E-F191-4F42-83AF-87320212773A}.Release|x86.Build.0 = Release|Win32
	EndGlobalSection
	GlobalSection(SolutionProperties) = preSolution
		HideSolutionNode = FALSE
	EndGlobalSection
	GlobalSection(ExtensibilityGlobals) = postSolution
		SolutionGuid = {1EB3C42C-362F-42A2-99CC-B1111297E085}
	EndGlobalSection
EndGlobal
